
Microsoft Visual Studio Solution File, Format Version 12.00
# Visual Studio Version 17
VisualStudioVersion = 17.8.34601.278
MinimumVisualStudioVersion = 10.0.40219.1
Project("{FAE04EC0-301F-11D3-BF4B-00C04F79EFBC}") = "FootProject", "FootProject\FootProject.csproj", "{685830D8-5459-46F8-B113-A9A88FAE4539}"
EndProject
Global
	GlobalSection(SolutionConfigurationPlatforms) = preSolution
		Debug|Any CPU = Debug|Any CPU
		Release|Any CPU = Release|Any CPU
	EndGlobalSection
	GlobalSection(ProjectConfigurationPlatforms) = postSolution
		{685830D8-5459-46F8-B113-A9A88FAE4539}.Debug|Any CPU.ActiveCfg = Debug|Any CPU
		{685830D8-5459-46F8-B113-A9A88FAE4539}.Debug|Any CPU.Build.0 = Debug|Any CPU
		{685830D8-5459-46F8-B113-A9A88FAE4539}.Release|Any CPU.ActiveCfg = Release|Any CPU
		{685830D8-5459-46F8-B113-A9A88FAE4539}.Release|Any CPU.Build.0 = Release|Any CPU
	EndGlobalSection
	GlobalSection(SolutionProperties) = preSolution
		HideSolutionNode = FALSE
	EndGlobalSection
	GlobalSection(ExtensibilityGlobals) = postSolution
		SolutionGuid = {8B4D2961-C343-4597-8B4A-1AD2A0C8C59B}
	EndGlobalSection
EndGlobal
